
Microsoft Visual Studio Solution File, Format Version 12.00
# Visual Studio Version 16
VisualStudioVersion = 16.0.29001.49
MinimumVisualStudioVersion = 10.0.40219.1
Project("{8BC9CEB8-8B4A-11D0-8D11-00A0C91BC942}") = "UDPClient", "UDPClient\UDPClient.vcxproj", "{9291311D-F21F-49E4-A219-E563880F42FD}"
EndProject
Global
	GlobalSection(SolutionConfigurationPlatforms) = preSolution
		Debug|x64 = Debug|x64
		Debug|x86 = Debug|x86
		Release|x64 = Release|x64
		Release|x86 = Release|x86
	EndGlobalSection
	GlobalSection(ProjectConfigurationPlatforms) = postSolution
		{9291311D-F21F-49E4-A219-E563880F42FD}.Debug|x64.ActiveCfg = Debug|x64
		{9291311D-F21F-49E4-A219-E563880F42FD}.Debug|x64.Build.0 = Debug|x64
		{9291311D-F21F-49E4-A219-E563880F42FD}.Debug|x86.ActiveCfg = Debug|Win32
		{9291311D-F21F-49E4-A219-E563880F42FD}.Debug|x86.Build.0 = Debug|Win32
		{9291311D-F21F-49E4-A219-E563880F42FD}.Release|x64.ActiveCfg = Release|x64
		{9291311D-F21F-49E4-A219-E563880F42FD}.Release|x64.Build.0 = Release|x64
		{9291311D-F21F-49E4-A219-E563880F42FD}.Release|x86.ActiveCfg = Release|Win32
		{9291311D-F21F-49E4-A219-E563880F42FD}.Release|x86.Build.0 = Release|Win32
	EndGlobalSection
	GlobalSection(SolutionProperties) = preSolution
		HideSolutionNode = FALSE
	EndGlobalSection
	GlobalSection(ExtensibilityGlobals) = postSolution
		SolutionGuid = {BDE24F35-8FB8-48C7-A082-406A759B7184}
	EndGlobalSection
EndGlobal
